<Solution>
  <Folder Name="/src/">
    <Project Path="src/Masar.API/Masar.API.csproj" />
    <Project Path="src/Masar.Application/Masar.Application.csproj" />
    <Project Path="src/Masar.Domain/Masar.Domain.csproj" />
    <Project Path="src/Masar.Infrastructure/Masar.Infrastructure.csproj" />
  </Folder>
</Solution>
